
Microsoft Visual Studio Solution File, Format Version 12.00
# Visual Studio Version 17
VisualStudioVersion = 17.14.36212.18 d17.14
MinimumVisualStudioVersion = 10.0.40219.1
Project("{FAE04EC0-301F-11D3-BF4B-00C04F79EFBC}") = "pizzarendelo", "pizzarendelo\pizzarendelo.csproj", "{288E145E-7E5C-42D2-8DAC-2190FC29E234}"
EndProject
Global
	GlobalSection(SolutionConfigurationPlatforms) = preSolution
		Debug|Any CPU = Debug|Any CPU
		Release|Any CPU = Release|Any CPU
	EndGlobalSection
	GlobalSection(ProjectConfigurationPlatforms) = postSolution
		{288E145E-7E5C-42D2-8DAC-2190FC29E234}.Debug|Any CPU.ActiveCfg = Debug|Any CPU
		{288E145E-7E5C-42D2-8DAC-2190FC29E234}.Debug|Any CPU.Build.0 = Debug|Any CPU
		{288E145E-7E5C-42D2-8DAC-2190FC29E234}.Release|Any CPU.ActiveCfg = Release|Any CPU
		{288E145E-7E5C-42D2-8DAC-2190FC29E234}.Release|Any CPU.Build.0 = Release|Any CPU
	EndGlobalSection
	GlobalSection(SolutionProperties) = preSolution
		HideSolutionNode = FALSE
	EndGlobalSection
	GlobalSection(ExtensibilityGlobals) = postSolution
		SolutionGuid = {73840C8B-6FC3-47F1-A638-32C796DEC328}
	EndGlobalSection
EndGlobal
